// !$*UTF8*$!
{
	archiveVersion = 1;
	classes = {
	};
	objectVersion = 46;
	objects = {

/* Begin PBXBuildFile section */
		37D59EA21ABE1C120009AB8A /* AppDelegate.swift in Sources */ = {isa = PBXBuildFile; fileRef = 37D59EA11ABE1C120009AB8A /* AppDelegate.swift */; };
		37D59EA41ABE1C120009AB8A /* ViewController.swift in Sources */ = {isa = PBXBuildFile; fileRef = 37D59EA31ABE1C120009AB8A /* ViewController.swift */; };
		37D59EA71ABE1C120009AB8A /* Main.storyboard in Resources */ = {isa = PBXBuildFile; fileRef = 37D59EA51ABE1C120009AB8A /* Main.storyboard */; };
		37D59EA91ABE1C120009AB8A /* Images.xcassets in Resources */ = {isa = PBXBuildFile; fileRef = 37D59EA81ABE1C120009AB8A /* Images.xcassets */; };
		37D59EAC1ABE1C120009AB8A /* LaunchScreen.xib in Resources */ = {isa = PBXBuildFile; fileRef = 37D59EAA1ABE1C120009AB8A /* LaunchScreen.xib */; };
		37D59EB81ABE1C120009AB8A /* Color_MixerTests.swift in Sources */ = {isa = PBXBuildFile; fileRef = 37D59EB71ABE1C120009AB8A /* Color_MixerTests.swift */; };
		37E6E1461ABE2283003D0E6A /* transparent.png in Resources */ = {isa = PBXBuildFile; fileRef = 37E6E1451ABE2283003D0E6A /* transparent.png */; };
/* End PBXBuildFile section */

/* Begin PBXContainerItemProxy section */
		37D59EB21ABE1C120009AB8A /* PBXContainerItemProxy */ = {
			isa = PBXContainerItemProxy;
			containerPortal = 37D59E941ABE1C120009AB8A /* Project object */;
			proxyType = 1;
			remoteGlobalIDString = 37D59E9B1ABE1C120009AB8A;
			remoteInfo = "Color Mixer";
		};
/* End PBXContainerItemProxy section */

/* Begin PBXFileReference section */
		37D59E9C1ABE1C120009AB8A /* Color Mixer.app */ = {isa = PBXFileReference; explicitFileType = wrapper.application; includeInIndex = 0; path = "Color Mixer.app"; sourceTree = BUILT_PRODUCTS_DIR; };
		37D59EA01ABE1C120009AB8A /* Info.plist */ = {isa = PBXFileReference; lastKnownFileType = text.plist.xml; path = Info.plist; sourceTree = "<group>"; };
		37D59EA11ABE1C120009AB8A /* AppDelegate.swift */ = {isa = PBXFileReference; lastKnownFileType = sourcecode.swift; path = AppDelegate.swift; sourceTree = "<group>"; };
		37D59EA31ABE1C120009AB8A /* ViewController.swift */ = {isa = PBXFileReference; lastKnownFileType = sourcecode.swift; path = ViewController.swift; sourceTree = "<group>"; };
		37D59EA61ABE1C120009AB8A /* Base */ = {isa = PBXFileReference; lastKnownFileType = file.storyboard; name = Base; path = Base.lproj/Main.storyboard; sourceTree = "<group>"; };
		37D59EA81ABE1C120009AB8A /* Images.xcassets */ = {isa = PBXFileReference; lastKnownFileType = folder.assetcatalog; path = Images.xcassets; sourceTree = "<group>"; };
		37D59EAB1ABE1C120009AB8A /* Base */ = {isa = PBXFileReference; lastKnownFileType = file.xib; name = Base; path = Base.lproj/LaunchScreen.xib; sourceTree = "<group>"; };
		37D59EB11ABE1C120009AB8A /* Color MixerTests.xctest */ = {isa = PBXFileReference; explicitFileType = wrapper.cfbundle; includeInIndex = 0; path = "Color MixerTests.xctest"; sourceTree = BUILT_PRODUCTS_DIR; };
		37D59EB61ABE1C120009AB8A /* Info.plist */ = {isa = PBXFileReference; lastKnownFileType = text.plist.xml; path = Info.plist; sourceTree = "<group>"; };
		37D59EB71ABE1C120009AB8A /* Color_MixerTests.swift */ = {isa = PBXFileReference; lastKnownFileType = sourcecode.swift; path = Color_MixerTests.swift; sourceTree = "<group>"; };
		37E6E1451ABE2283003D0E6A /* transparent.png */ = {isa = PBXFileReference; lastKnownFileType = image.png; path = transparent.png; sourceTree = "<group>"; };
/* End PBXFileReference section */

/* Begin PBXFrameworksBuildPhase section */
		37D59E991ABE1C120009AB8A /* Frameworks */ = {
			isa = PBXFrameworksBuildPhase;
			buildActionMask = 2147483647;
			files = (
			);
			runOnlyForDeploymentPostprocessing = 0;
		};
		37D59EAE1ABE1C120009AB8A /* Frameworks */ = {
			isa = PBXFrameworksBuildPhase;
			buildActionMask = 2147483647;
			files = (
			);
			runOnlyForDeploymentPostprocessing = 0;
		};
/* End PBXFrameworksBuildPhase section */

/* Begin PBXGroup section */
		37D59E931ABE1C120009AB8A = {
			isa = PBXGroup;
			children = (
				37D59E9E1ABE1C120009AB8A /* Color Mixer */,
				37D59EB41ABE1C120009AB8A /* Color MixerTests */,
				37D59E9D1ABE1C120009AB8A /* Products */,
			);
			sourceTree = "<group>";
		};
		37D59E9D1ABE1C120009AB8A /* Products */ = {
			isa = PBXGroup;
			children = (
				37D59E9C1ABE1C120009AB8A /* Color Mixer.app */,
				37D59EB11ABE1C120009AB8A /* Color MixerTests.xctest */,
			);
			name = Products;
			sourceTree = "<group>";
		};
		37D59E9E1ABE1C120009AB8A /* Color Mixer */ = {
			isa = PBXGroup;
			children = (
				37D59EA11ABE1C120009AB8A /* AppDelegate.swift */,
				37D59EA31ABE1C120009AB8A /* ViewController.swift */,
				37D59EA51ABE1C120009AB8A /* Main.storyboard */,
				37D59EA81ABE1C120009AB8A /* Images.xcassets */,
				37D59EAA1ABE1C120009AB8A /* LaunchScreen.xib */,
				37E6E1451ABE2283003D0E6A /* transparent.png */,
				37D59E9F1ABE1C120009AB8A /* Supporting Files */,
			);
			path = "Color Mixer";
			sourceTree = "<group>";
		};
		37D59E9F1ABE1C120009AB8A /* Supporting Files */ = {
			isa = PBXGroup;
			children = (
				37D59EA01ABE1C120009AB8A /* Info.plist */,
			);
			name = "Supporting Files";
			sourceTree = "<group>";
		};
		37D59EB41ABE1C120009AB8A /* Color MixerTests */ = {
			isa = PBXGroup;
			children = (
				37D59EB71ABE1C120009AB8A /* Color_MixerTests.swift */,
				37D59EB51ABE1C120009AB8A /* Supporting Files */,
			);
			path = "Color MixerTests";
			sourceTree = "<group>";
		};
		37D59EB51ABE1C120009AB8A /* Supporting Files */ = {
			isa = PBXGroup;
			children = (
				37D59EB61ABE1C120009AB8A /* Info.plist */,
			);
			name = "Supporting Files";
			sourceTree = "<group>";
		};
/* End PBXGroup section */

/* Begin PBXNativeTarget section */
		37D59E9B1ABE1C120009AB8A /* Color Mixer */ = {
			isa = PBXNativeTarget;
			buildConfigurationList = 37D59EBB1ABE1C120009AB8A /* Build configuration list for PBXNativeTarget "Color Mixer" */;
			buildPhases = (
				37D59E981ABE1C120009AB8A /* Sources */,
				37D59E991ABE1C120009AB8A /* Frameworks */,
				37D59E9A1ABE1C120009AB8A /* Resources */,
			);
			buildRules = (
			);
			dependencies = (
			);
			name = "Color Mixer";
			productName = "Color Mixer";
			productReference = 37D59E9C1ABE1C120009AB8A /* Color Mixer.app */;
			productType = "com.apple.product-type.application";
		};
		37D59EB01ABE1C120009AB8A /* Color MixerTests */ = {
			isa = PBXNativeTarget;
			buildConfigurationList = 37D59EBE1ABE1C120009AB8A /* Build configuration list for PBXNativeTarget "Color MixerTests" */;
			buildPhases = (
				37D59EAD1ABE1C120009AB8A /* Sources */,
				37D59EAE1ABE1C120009AB8A /* Frameworks */,
				37D59EAF1ABE1C120009AB8A /* Resources */,
			);
			buildRules = (
			);
			dependencies = (
				37D59EB31ABE1C120009AB8A /* PBXTargetDependency */,
			);
			name = "Color MixerTests";
			productName = "Color MixerTests";
			productReference = 37D59EB11ABE1C120009AB8A /* Color MixerTests.xctest */;
			productType = "com.apple.product-type.bundle.unit-test";
		};
/* End PBXNativeTarget section */

/* Begin PBXProject section */
		37D59E941ABE1C120009AB8A /* Project object */ = {
			isa = PBXProject;
			attributes = {
				LastUpgradeCheck = 0620;
				ORGANIZATIONNAME = "Luis Felipe Salazar";
				TargetAttributes = {
					37D59E9B1ABE1C120009AB8A = {
						CreatedOnToolsVersion = 6.2;
					};
					37D59EB01ABE1C120009AB8A = {
						CreatedOnToolsVersion = 6.2;
						TestTargetID = 37D59E9B1ABE1C120009AB8A;
					};
				};
			};
			buildConfigurationList = 37D59E971ABE1C120009AB8A /* Build configuration list for PBXProject "Color Mixer" */;
			compatibilityVersion = "Xcode 3.2";
			developmentRegion = English;
			hasScannedForEncodings = 0;
			knownRegions = (
				en,
				Base,
			);
			mainGroup = 37D59E931ABE1C120009AB8A;
			productRefGroup = 37D59E9D1ABE1C120009AB8A /* Products */;
			projectDirPath = "";
			projectRoot = "";
			targets = (
				37D59E9B1ABE1C120009AB8A /* Color Mixer */,
				37D59EB01ABE1C120009AB8A /* Color MixerTests */,
			);
		};
/* End PBXProject section */

/* Begin PBXResourcesBuildPhase section */
		37D59E9A1ABE1C120009AB8A /* Resources */ = {
			isa = PBXResourcesBuildPhase;
			buildActionMask = 2147483647;
			files = (
				37E6E1461ABE2283003D0E6A /* transparent.png in Resources */,
				37D59EA71ABE1C120009AB8A /* Main.storyboard in Resources */,
				37D59EAC1ABE1C120009AB8A /* LaunchScreen.xib in Resources */,
				37D59EA91ABE1C120009AB8A /* Images.xcassets in Resources */,
			);
			runOnlyForDeploymentPostprocessing = 0;
		};
		37D59EAF1ABE1C120009AB8A /* Resources */ = {
			isa = PBXResourcesBuildPhase;
			buildActionMask = 2147483647;
			files = (
			);
			runOnlyForDeploymentPostprocessing = 0;
		};
/* End PBXResourcesBuildPhase section */

/* Begin PBXSourcesBuildPhase section */
		37D59E981ABE1C120009AB8A /* Sources */ = {
			isa = PBXSourcesBuildPhase;
			buildActionMask = 2147483647;
			files = (
				37D59EA41ABE1C120009AB8A /* ViewController.swift in Sources */,
				37D59EA21ABE1C120009AB8A /* AppDelegate.swift in Sources */,
			);
			runOnlyForDeploymentPostprocessing = 0;
		};
		37D59EAD1ABE1C120009AB8A /* Sources */ = {
			isa = PBXSourcesBuildPhase;
			buildActionMask = 2147483647;
			files = (
				37D59EB81ABE1C120009AB8A /* Color_MixerTests.swift in Sources */,
			);
			runOnlyForDeploymentPostprocessing = 0;
		};
/* End PBXSourcesBuildPhase section */

/* Begin PBXTargetDependency section */
		37D59EB31ABE1C120009AB8A /* PBXTargetDependency */ = {
			isa = PBXTargetDependency;
			target = 37D59E9B1ABE1C120009AB8A /* Color Mixer */;
			targetProxy = 37D59EB21ABE1C120009AB8A /* PBXContainerItemProxy */;
		};
/* End PBXTargetDependency section */

/* Begin PBXVariantGroup section */
		37D59EA51ABE1C120009AB8A /* Main.storyboard */ = {
			isa = PBXVariantGroup;
			children = (
				37D59EA61ABE1C120009AB8A /* Base */,
			);
			name = Main.storyboard;
			sourceTree = "<group>";
		};
		37D59EAA1ABE1C120009AB8A /* LaunchScreen.xib */ = {
			isa = PBXVariantGroup;
			children = (
				37D59EAB1ABE1C120009AB8A /* Base */,
			);
			name = LaunchScreen.xib;
			sourceTree = "<group>";
		};
/* End PBXVariantGroup section */

/* Begin XCBuildConfiguration section */
		37D59EB91ABE1C120009AB8A /* Debug */ = {
			isa = XCBuildConfiguration;
			buildSettings = {
				ALWAYS_SEARCH_USER_PATHS = NO;
				CLANG_CXX_LANGUAGE_STANDARD = "gnu++0x";
				CLANG_CXX_LIBRARY = "libc++";
				CLANG_ENABLE_MODULES = YES;
				CLANG_ENABLE_OBJC_ARC = YES;
				CLANG_WARN_BOOL_CONVERSION = YES;
				CLANG_WARN_CONSTANT_CONVERSION = YES;
				CLANG_WARN_DIRECT_OBJC_ISA_USAGE = YES_ERROR;
				CLANG_WARN_EMPTY_BODY = YES;
				CLANG_WARN_ENUM_CONVERSION = YES;
				CLANG_WARN_INT_CONVERSION = YES;
				CLANG_WARN_OBJC_ROOT_CLASS = YES_ERROR;
				CLANG_WARN_UNREACHABLE_CODE = YES;
				CLANG_WARN__DUPLICATE_METHOD_MATCH = YES;
				"CODE_SIGN_IDENTITY[sdk=iphoneos*]" = "iPhone Developer";
				COPY_PHASE_STRIP = NO;
				ENABLE_STRICT_OBJC_MSGSEND = YES;
				GCC_C_LANGUAGE_STANDARD = gnu99;
				GCC_DYNAMIC_NO_PIC = NO;
				GCC_OPTIMIZATION_LEVEL = 0;
				GCC_PREPROCESSOR_DEFINITIONS = (
					"DEBUG=1",
					"$(inherited)",
				);
				GCC_SYMBOLS_PRIVATE_EXTERN = NO;
				GCC_WARN_64_TO_32_BIT_CONVERSION = YES;
				GCC_WARN_ABOUT_RETURN_TYPE = YES_ERROR;
				GCC_WARN_UNDECLARED_SELECTOR = YES;
				GCC_WARN_UNINITIALIZED_AUTOS = YES_AGGRESSIVE;
				GCC_WARN_UNUSED_FUNCTION = YES;
				GCC_WARN_UNUSED_VARIABLE = YES;
				IPHONEOS_DEPLOYMENT_TARGET = 8.2;
				MTL_ENABLE_DEBUG_INFO = YES;
				ONLY_ACTIVE_ARCH = YES;
				SDKROOT = iphoneos;
				SWIFT_OPTIMIZATION_LEVEL = "-Onone";
			};
			name = Debug;
		};
		37D59EBA1ABE1C120009AB8A /* Release */ = {
			isa = XCBuildConfiguration;
			buildSettings = {
				ALWAYS_SEARCH_USER_PATHS = NO;
				CLANG_CXX_LANGUAGE_STANDARD = "gnu++0x";
				CLANG_CXX_LIBRARY = "libc++";
				CLANG_ENABLE_MODULES = YES;
				CLANG_ENABLE_OBJC_ARC = YES;
				CLANG_WARN_BOOL_CONVERSION = YES;
				CLANG_WARN_CONSTANT_CONVERSION = YES;
				CLANG_WARN_DIRECT_OBJC_ISA_USAGE = YES_ERROR;
				CLANG_WARN_EMPTY_BODY = YES;
				CLANG_WARN_ENUM_CONVERSION = YES;
				CLANG_WARN_INT_CONVERSION = YES;
				CLANG_WARN_OBJC_ROOT_CLASS = YES_ERROR;
				CLANG_WARN_UNREACHABLE_CODE = YES;
				CLANG_WARN__DUPLICATE_METHOD_MATCH = YES;
				"CODE_SIGN_IDENTITY[sdk=iphoneos*]" = "iPhone Developer";
				COPY_PHASE_STRIP = NO;
				ENABLE_NS_ASSERTIONS = NO;
				ENABLE_STRICT_OBJC_MSGSEND = YES;
				GCC_C_LANGUAGE_STANDARD = gnu99;
				GCC_WARN_64_TO_32_BIT_CONVERSION = YES;
				GCC_WARN_ABOUT_RETURN_TYPE = YES_ERROR;
				GCC_WARN_UNDECLARED_SELECTOR = YES;
				GCC_WARN_UNINITIALIZED_AUTOS = YES_AGGRESSIVE;
				GCC_WARN_UNUSED_FUNCTION = YES;
				GCC_WARN_UNUSED_VARIABLE = YES;
				IPHONEOS_DEPLOYMENT_TARGET = 8.2;
				MTL_ENABLE_DEBUG_INFO = NO;
				SDKROOT = iphoneos;
				VALIDATE_PRODUCT = YES;
			};
			name = Release;
		};
		37D59EBC1ABE1C120009AB8A /* Debug */ = {
			isa = XCBuildConfiguration;
			buildSettings = {
				ASSETCATALOG_COMPILER_APPICON_NAME = AppIcon;
				INFOPLIST_FILE = "Color Mixer/Info.plist";
				LD_RUNPATH_SEARCH_PATHS = "$(inherited) @executable_path/Frameworks";
				PRODUCT_NAME = "$(TARGET_NAME)";
			};
			name = Debug;
		};
		37D59EBD1ABE1C120009AB8A /* Release */ = {
			isa = XCBuildConfiguration;
			buildSettings = {
				ASSETCATALOG_COMPILER_APPICON_NAME = AppIcon;
				INFOPLIST_FILE = "Color Mixer/Info.plist";
				LD_RUNPATH_SEARCH_PATHS = "$(inherited) @executable_path/Frameworks";
				PRODUCT_NAME = "$(TARGET_NAME)";
			};
			name = Release;
		};
		37D59EBF1ABE1C120009AB8A /* Debug */ = {
			isa = XCBuildConfiguration;
			buildSettings = {
				BUNDLE_LOADER = "$(TEST_HOST)";
				FRAMEWORK_SEARCH_PATHS = (
					"$(SDKROOT)/Developer/Library/Frameworks",
					"$(inherited)",
				);
				GCC_PREPROCESSOR_DEFINITIONS = (
					"DEBUG=1",
					"$(inherited)",
				);
				INFOPLIST_FILE = "Color MixerTests/Info.plist";
				LD_RUNPATH_SEARCH_PATHS = "$(inherited) @executable_path/Frameworks @loader_path/Frameworks";
				PRODUCT_NAME = "$(TARGET_NAME)";
				TEST_HOST = "$(BUILT_PRODUCTS_DIR)/Color Mixer.app/Color Mixer";
			};
			name = Debug;
		};
		37D59EC01ABE1C120009AB8A /* Release */ = {
			isa = XCBuildConfiguration;
			buildSettings = {
				BUNDLE_LOADER = "$(TEST_HOST)";
				FRAMEWORK_SEARCH_PATHS = (
					"$(SDKROOT)/Developer/Library/Frameworks",
					"$(inherited)",
				);
				INFOPLIST_FILE = "Color MixerTests/Info.plist";
				LD_RUNPATH_SEARCH_PATHS = "$(inherited) @executable_path/Frameworks @loader_path/Frameworks";
				PRODUCT_NAME = "$(TARGET_NAME)";
				TEST_HOST = "$(BUILT_PRODUCTS_DIR)/Color Mixer.app/Color Mixer";
			};
			name = Release;
		};
/* End XCBuildConfiguration section */

/* Begin XCConfigurationList section */
		37D59E971ABE1C120009AB8A /* Build configuration list for PBXProject "Color Mixer" */ = {
			isa = XCConfigurationList;
			buildConfigurations = (
				37D59EB91ABE1C120009AB8A /* Debug */,
				37D59EBA1ABE1C120009AB8A /* Release */,
			);
			defaultConfigurationIsVisible = 0;
			defaultConfigurationName = Release;
		};
		37D59EBB1ABE1C120009AB8A /* Build configuration list for PBXNativeTarget "Color Mixer" */ = {
			isa = XCConfigurationList;
			buildConfigurations = (
				37D59EBC1ABE1C120009AB8A /* Debug */,
				37D59EBD1ABE1C120009AB8A /* Release */,
			);
			defaultConfigurationIsVisible = 0;
			defaultConfigurationName = Release;
		};
		37D59EBE1ABE1C120009AB8A /* Build configuration list for PBXNativeTarget "Color MixerTests" */ = {
			isa = XCConfigurationList;
			buildConfigurations = (
				37D59EBF1ABE1C120009AB8A /* Debug */,
				37D59EC01ABE1C120009AB8A /* Release */,
			);
			defaultConfigurationIsVisible = 0;
			defaultConfigurationName = Release;
		};
/* End XCConfigurationList section */
	};
	rootObject = 37D59E941ABE1C120009AB8A /* Project object */;
}
